
Microsoft Visual Studio Solution File, Format Version 12.00
# Visual Studio 15
VisualStudioVersion = 15.0.27703.2042
MinimumVisualStudioVersion = 10.0.40219.1
Project("{FAE04EC0-301F-11D3-BF4B-00C04F79EFBC}") = "prova", "prova\prova.csproj", "{919C5731-0EC2-4FC0-8E09-F8AA9F287674}"
EndProject
Global
	GlobalSection(SolutionConfigurationPlatforms) = preSolution
		Debug|Any CPU = Debug|Any CPU
		Release|Any CPU = Release|Any CPU
	EndGlobalSection
	GlobalSection(ProjectConfigurationPlatforms) = postSolution
		{919C5731-0EC2-4FC0-8E09-F8AA9F287674}.Debug|Any CPU.ActiveCfg = Debug|Any CPU
		{919C5731-0EC2-4FC0-8E09-F8AA9F287674}.Debug|Any CPU.Build.0 = Debug|Any CPU
		{919C5731-0EC2-4FC0-8E09-F8AA9F287674}.Release|Any CPU.ActiveCfg = Release|Any CPU
		{919C5731-0EC2-4FC0-8E09-F8AA9F287674}.Release|Any CPU.Build.0 = Release|Any CPU
	EndGlobalSection
	GlobalSection(SolutionProperties) = preSolution
		HideSolutionNode = FALSE
	EndGlobalSection
	GlobalSection(ExtensibilityGlobals) = postSolution
		SolutionGuid = {F6302C2F-915C-40DD-9958-CD1379C8B9B6}
	EndGlobalSection
EndGlobal
